
Microsoft Visual Studio Solution File, Format Version 12.00
# Visual Studio Version 17
VisualStudioVersion = 17.11.35312.102
MinimumVisualStudioVersion = 10.0.40219.1
Project("{FAE04EC0-301F-11D3-BF4B-00C04F79EFBC}") = "labwork26", "labwork26\labwork26.csproj", "{AA48A6D9-F59E-4C27-9362-38BC6A6CADD0}"
EndProject
Global
	GlobalSection(SolutionConfigurationPlatforms) = preSolution
		Debug|Any CPU = Debug|Any CPU
		Release|Any CPU = Release|Any CPU
	EndGlobalSection
	GlobalSection(ProjectConfigurationPlatforms) = postSolution
		{AA48A6D9-F59E-4C27-9362-38BC6A6CADD0}.Debug|Any CPU.ActiveCfg = Debug|Any CPU
		{AA48A6D9-F59E-4C27-9362-38BC6A6CADD0}.Debug|Any CPU.Build.0 = Debug|Any CPU
		{AA48A6D9-F59E-4C27-9362-38BC6A6CADD0}.Release|Any CPU.ActiveCfg = Release|Any CPU
		{AA48A6D9-F59E-4C27-9362-38BC6A6CADD0}.Release|Any CPU.Build.0 = Release|Any CPU
	EndGlobalSection
	GlobalSection(SolutionProperties) = preSolution
		HideSolutionNode = FALSE
	EndGlobalSection
	GlobalSection(ExtensibilityGlobals) = postSolution
		SolutionGuid = {8A0E3671-0854-4153-8FB1-3A92436A2F26}
	EndGlobalSection
EndGlobal
