
Microsoft Visual Studio Solution File, Format Version 12.00
# Visual Studio Version 17
VisualStudioVersion = 17.11.35222.181
MinimumVisualStudioVersion = 10.0.40219.1
Project("{FAE04EC0-301F-11D3-BF4B-00C04F79EFBC}") = "labwork37", "labwork37\labwork37.csproj", "{6C5D101B-9EBF-4ACF-966D-045AB7254375}"
EndProject
Global
	GlobalSection(SolutionConfigurationPlatforms) = preSolution
		Debug|Any CPU = Debug|Any CPU
		Release|Any CPU = Release|Any CPU
	EndGlobalSection
	GlobalSection(ProjectConfigurationPlatforms) = postSolution
		{6C5D101B-9EBF-4ACF-966D-045AB7254375}.Debug|Any CPU.ActiveCfg = Debug|Any CPU
		{6C5D101B-9EBF-4ACF-966D-045AB7254375}.Debug|Any CPU.Build.0 = Debug|Any CPU
		{6C5D101B-9EBF-4ACF-966D-045AB7254375}.Release|Any CPU.ActiveCfg = Release|Any CPU
		{6C5D101B-9EBF-4ACF-966D-045AB7254375}.Release|Any CPU.Build.0 = Release|Any CPU
	EndGlobalSection
	GlobalSection(SolutionProperties) = preSolution
		HideSolutionNode = FALSE
	EndGlobalSection
	GlobalSection(ExtensibilityGlobals) = postSolution
		SolutionGuid = {35C3F489-31FC-475A-91E4-314A247EC800}
	EndGlobalSection
EndGlobal
