
Microsoft Visual Studio Solution File, Format Version 12.00
# Visual Studio Version 17
VisualStudioVersion = 17.11.35312.102
MinimumVisualStudioVersion = 10.0.40219.1
Project("{FAE04EC0-301F-11D3-BF4B-00C04F79EFBC}") = "WinFormsApp", "WinFormsApp\WinFormsApp.csproj", "{0A5A4399-9816-4EA1-A4EA-49157B00A813}"
EndProject
Global
	GlobalSection(SolutionConfigurationPlatforms) = preSolution
		Debug|Any CPU = Debug|Any CPU
		Release|Any CPU = Release|Any CPU
	EndGlobalSection
	GlobalSection(ProjectConfigurationPlatforms) = postSolution
		{0A5A4399-9816-4EA1-A4EA-49157B00A813}.Debug|Any CPU.ActiveCfg = Debug|Any CPU
		{0A5A4399-9816-4EA1-A4EA-49157B00A813}.Debug|Any CPU.Build.0 = Debug|Any CPU
		{0A5A4399-9816-4EA1-A4EA-49157B00A813}.Release|Any CPU.ActiveCfg = Release|Any CPU
		{0A5A4399-9816-4EA1-A4EA-49157B00A813}.Release|Any CPU.Build.0 = Release|Any CPU
	EndGlobalSection
	GlobalSection(SolutionProperties) = preSolution
		HideSolutionNode = FALSE
	EndGlobalSection
	GlobalSection(ExtensibilityGlobals) = postSolution
		SolutionGuid = {9A93D6E9-2512-4EEB-B950-84472C66412D}
	EndGlobalSection
EndGlobal
